
Microsoft Visual Studio Solution File, Format Version 12.00
# Visual Studio Version 17
VisualStudioVersion = 17.11.35312.102
MinimumVisualStudioVersion = 10.0.40219.1
Project("{8BC9CEB8-8B4A-11D0-8D11-00A0C91BC942}") = "LB6.3.it", "LB6.3.it\LB6.3.it.vcxproj", "{F699DE89-B99E-4BE7-967B-34765017530E}"
EndProject
Project("{8BC9CEB8-8B4A-11D0-8D11-00A0C91BC942}") = "UnitTest6.3.it", "UnitTest6.3.it\UnitTest6.3.it.vcxproj", "{5658F771-7C0A-4691-A771-3835B5447A69}"
EndProject
Global
	GlobalSection(SolutionConfigurationPlatforms) = preSolution
		Debug|x64 = Debug|x64
		Debug|x86 = Debug|x86
		Release|x64 = Release|x64
		Release|x86 = Release|x86
	EndGlobalSection
	GlobalSection(ProjectConfigurationPlatforms) = postSolution
		{F699DE89-B99E-4BE7-967B-34765017530E}.Debug|x64.ActiveCfg = Debug|x64
		{F699DE89-B99E-4BE7-967B-34765017530E}.Debug|x64.Build.0 = Debug|x64
		{F699DE89-B99E-4BE7-967B-34765017530E}.Debug|x86.ActiveCfg = Debug|Win32
		{F699DE89-B99E-4BE7-967B-34765017530E}.Debug|x86.Build.0 = Debug|Win32
		{F699DE89-B99E-4BE7-967B-34765017530E}.Release|x64.ActiveCfg = Release|x64
		{F699DE89-B99E-4BE7-967B-34765017530E}.Release|x64.Build.0 = Release|x64
		{F699DE89-B99E-4BE7-967B-34765017530E}.Release|x86.ActiveCfg = Release|Win32
		{F699DE89-B99E-4BE7-967B-34765017530E}.Release|x86.Build.0 = Release|Win32
		{5658F771-7C0A-4691-A771-3835B5447A69}.Debug|x64.ActiveCfg = Debug|x64
		{5658F771-7C0A-4691-A771-3835B5447A69}.Debug|x64.Build.0 = Debug|x64
		{5658F771-7C0A-4691-A771-3835B5447A69}.Debug|x86.ActiveCfg = Debug|Win32
		{5658F771-7C0A-4691-A771-3835B5447A69}.Debug|x86.Build.0 = Debug|Win32
		{5658F771-7C0A-4691-A771-3835B5447A69}.Release|x64.ActiveCfg = Release|x64
		{5658F771-7C0A-4691-A771-3835B5447A69}.Release|x64.Build.0 = Release|x64
		{5658F771-7C0A-4691-A771-3835B5447A69}.Release|x86.ActiveCfg = Release|Win32
		{5658F771-7C0A-4691-A771-3835B5447A69}.Release|x86.Build.0 = Release|Win32
	EndGlobalSection
	GlobalSection(SolutionProperties) = preSolution
		HideSolutionNode = FALSE
	EndGlobalSection
	GlobalSection(ExtensibilityGlobals) = postSolution
		SolutionGuid = {2BA43A70-3B3A-4505-BED6-3A9AE5E5E9AD}
	EndGlobalSection
EndGlobal
